
Microsoft Visual Studio Solution File, Format Version 12.00
# Visual Studio Version 17
VisualStudioVersion = 17.8.34330.188
MinimumVisualStudioVersion = 10.0.40219.1
Project("{FAE04EC0-301F-11D3-BF4B-00C04F79EFBC}") = "RESTfull.API", "RESTfull.API\RESTfull.API.csproj", "{74D3E6AA-851C-49EF-94AA-A6ADC9D02A89}"
EndProject
Project("{FAE04EC0-301F-11D3-BF4B-00C04F79EFBC}") = "RESTfull.Domain", "RESTfull.Domain\RESTfull.Domain.csproj", "{8CC85035-A4DB-4412-B50A-3938434C329A}"
EndProject
Project("{FAE04EC0-301F-11D3-BF4B-00C04F79EFBC}") = "RESTfull.Infrastructure", "RESTfull.Infrastructure\RESTfull.Infrastructure.csproj", "{2CE0BD29-4468-4154-B009-4B8643B93A42}"
EndProject
Global
	GlobalSection(SolutionConfigurationPlatforms) = preSolution
		Debug|Any CPU = Debug|Any CPU
		Release|Any CPU = Release|Any CPU
	EndGlobalSection
	GlobalSection(ProjectConfigurationPlatforms) = postSolution
		{74D3E6AA-851C-49EF-94AA-A6ADC9D02A89}.Debug|Any CPU.ActiveCfg = Debug|Any CPU
		{74D3E6AA-851C-49EF-94AA-A6ADC9D02A89}.Debug|Any CPU.Build.0 = Debug|Any CPU
		{74D3E6AA-851C-49EF-94AA-A6ADC9D02A89}.Release|Any CPU.ActiveCfg = Release|Any CPU
		{74D3E6AA-851C-49EF-94AA-A6ADC9D02A89}.Release|Any CPU.Build.0 = Release|Any CPU
		{8CC85035-A4DB-4412-B50A-3938434C329A}.Debug|Any CPU.ActiveCfg = Debug|Any CPU
		{8CC85035-A4DB-4412-B50A-3938434C329A}.Debug|Any CPU.Build.0 = Debug|Any CPU
		{8CC85035-A4DB-4412-B50A-3938434C329A}.Release|Any CPU.ActiveCfg = Release|Any CPU
		{8CC85035-A4DB-4412-B50A-3938434C329A}.Release|Any CPU.Build.0 = Release|Any CPU
		{2CE0BD29-4468-4154-B009-4B8643B93A42}.Debug|Any CPU.ActiveCfg = Debug|Any CPU
		{2CE0BD29-4468-4154-B009-4B8643B93A42}.Debug|Any CPU.Build.0 = Debug|Any CPU
		{2CE0BD29-4468-4154-B009-4B8643B93A42}.Release|Any CPU.ActiveCfg = Release|Any CPU
		{2CE0BD29-4468-4154-B009-4B8643B93A42}.Release|Any CPU.Build.0 = Release|Any CPU
	EndGlobalSection
	GlobalSection(SolutionProperties) = preSolution
		HideSolutionNode = FALSE
	EndGlobalSection
	GlobalSection(ExtensibilityGlobals) = postSolution
		SolutionGuid = {9985805C-B1EB-4B76-A144-CD03399F6CDD}
	EndGlobalSection
EndGlobal
